
Microsoft Visual Studio Solution File, Format Version 12.00
# Visual Studio 2013
VisualStudioVersion = 12.0.31101.0
MinimumVisualStudioVersion = 10.0.40219.1
Project("{FAE04EC0-301F-11D3-BF4B-00C04F79EFBC}") = "SaleAssistant", "SaleAssistant\SaleAssistant.csproj", "{8EB90A6B-796C-4211-A42E-A36A75CA3D7B}"
EndProject
Project("{2150E333-8FDC-42A3-9474-1A3956D46DE8}") = "DataAccess", "DataAccess", "{E8100F41-9E8F-4A03-91BF-9486C6218CE0}"
EndProject
Project("{FAE04EC0-301F-11D3-BF4B-00C04F79EFBC}") = "SaleAssistant.DataAccess.Entities", "DataAccess\SaleAssistant.DataAccess.Entities\SaleAssistant.DataAccess.Entities.csproj", "{561D63CB-4F3B-40F0-8BF2-3ECE05A2816A}"
EndProject
Project("{FAE04EC0-301F-11D3-BF4B-00C04F79EFBC}") = "SaleAssistant.DataAccess", "DataAccess\SaleAssistant.DataAccess\SaleAssistant.DataAccess.csproj", "{3317D1E9-4A8E-48CD-A548-18301E1DA6ED}"
EndProject
Project("{2150E333-8FDC-42A3-9474-1A3956D46DE8}") = "Business", "Business", "{1F9B28B3-F6B7-4EB0-BD7A-604C67FBFA30}"
EndProject
Project("{FAE04EC0-301F-11D3-BF4B-00C04F79EFBC}") = "SaleAssistant.Business", "Business\SaleAssistant.Business\SaleAssistant.Business.csproj", "{CDBB2239-5874-47E0-B0DE-F36C9ABB58E0}"
EndProject
Project("{FAE04EC0-301F-11D3-BF4B-00C04F79EFBC}") = "SaleAssistant.Business.Models", "Business\SaleAssistant.Business.Models\SaleAssistant.Business.Models.csproj", "{24A50CBB-8EAB-4F47-8A19-FF1983E4A387}"
EndProject
Project("{2150E333-8FDC-42A3-9474-1A3956D46DE8}") = "Core", "Core", "{385E817E-9E0B-4C56-9C23-3D517497CFDC}"
EndProject
Project("{FAE04EC0-301F-11D3-BF4B-00C04F79EFBC}") = "Core.Data", "Core\Core.Data\Core.Data.csproj", "{806891D8-1565-4D02-9593-22ECECE32584}"
EndProject
Project("{FAE04EC0-301F-11D3-BF4B-00C04F79EFBC}") = "Core.Data.EF", "Core\Core.Data.EF\Core.Data.EF.csproj", "{4DAD354D-D258-4353-8DEA-7F0A240CC312}"
EndProject
Project("{FAE04EC0-301F-11D3-BF4B-00C04F79EFBC}") = "SaleAssistant.DataAccess.Mapping", "DataAccess\SaleAssistant.DataAccess.Mapping\SaleAssistant.DataAccess.Mapping.csproj", "{9F7D4A89-8139-43E5-A93C-FF1233146A03}"
EndProject
Global
	GlobalSection(SolutionConfigurationPlatforms) = preSolution
		Debug|Any CPU = Debug|Any CPU
		Release|Any CPU = Release|Any CPU
	EndGlobalSection
	GlobalSection(ProjectConfigurationPlatforms) = postSolution
		{8EB90A6B-796C-4211-A42E-A36A75CA3D7B}.Debug|Any CPU.ActiveCfg = Debug|Any CPU
		{8EB90A6B-796C-4211-A42E-A36A75CA3D7B}.Debug|Any CPU.Build.0 = Debug|Any CPU
		{8EB90A6B-796C-4211-A42E-A36A75CA3D7B}.Release|Any CPU.ActiveCfg = Release|Any CPU
		{8EB90A6B-796C-4211-A42E-A36A75CA3D7B}.Release|Any CPU.Build.0 = Release|Any CPU
		{561D63CB-4F3B-40F0-8BF2-3ECE05A2816A}.Debug|Any CPU.ActiveCfg = Debug|Any CPU
		{561D63CB-4F3B-40F0-8BF2-3ECE05A2816A}.Debug|Any CPU.Build.0 = Debug|Any CPU
		{561D63CB-4F3B-40F0-8BF2-3ECE05A2816A}.Release|Any CPU.ActiveCfg = Release|Any CPU
		{561D63CB-4F3B-40F0-8BF2-3ECE05A2816A}.Release|Any CPU.Build.0 = Release|Any CPU
		{3317D1E9-4A8E-48CD-A548-18301E1DA6ED}.Debug|Any CPU.ActiveCfg = Debug|Any CPU
		{3317D1E9-4A8E-48CD-A548-18301E1DA6ED}.Debug|Any CPU.Build.0 = Debug|Any CPU
		{3317D1E9-4A8E-48CD-A548-18301E1DA6ED}.Release|Any CPU.ActiveCfg = Release|Any CPU
		{3317D1E9-4A8E-48CD-A548-18301E1DA6ED}.Release|Any CPU.Build.0 = Release|Any CPU
		{CDBB2239-5874-47E0-B0DE-F36C9ABB58E0}.Debug|Any CPU.ActiveCfg = Debug|Any CPU
		{CDBB2239-5874-47E0-B0DE-F36C9ABB58E0}.Debug|Any CPU.Build.0 = Debug|Any CPU
		{CDBB2239-5874-47E0-B0DE-F36C9ABB58E0}.Release|Any CPU.ActiveCfg = Release|Any CPU
		{CDBB2239-5874-47E0-B0DE-F36C9ABB58E0}.Release|Any CPU.Build.0 = Release|Any CPU
		{24A50CBB-8EAB-4F47-8A19-FF1983E4A387}.Debug|Any CPU.ActiveCfg = Debug|Any CPU
		{24A50CBB-8EAB-4F47-8A19-FF1983E4A387}.Debug|Any CPU.Build.0 = Debug|Any CPU
		{24A50CBB-8EAB-4F47-8A19-FF1983E4A387}.Release|Any CPU.ActiveCfg = Release|Any CPU
		{24A50CBB-8EAB-4F47-8A19-FF1983E4A387}.Release|Any CPU.Build.0 = Release|Any CPU
		{806891D8-1565-4D02-9593-22ECECE32584}.Debug|Any CPU.ActiveCfg = Debug|Any CPU
		{806891D8-1565-4D02-9593-22ECECE32584}.Debug|Any CPU.Build.0 = Debug|Any CPU
		{806891D8-1565-4D02-9593-22ECECE32584}.Release|Any CPU.ActiveCfg = Release|Any CPU
		{806891D8-1565-4D02-9593-22ECECE32584}.Release|Any CPU.Build.0 = Release|Any CPU
		{4DAD354D-D258-4353-8DEA-7F0A240CC312}.Debug|Any CPU.ActiveCfg = Debug|Any CPU
		{4DAD354D-D258-4353-8DEA-7F0A240CC312}.Debug|Any CPU.Build.0 = Debug|Any CPU
		{4DAD354D-D258-4353-8DEA-7F0A240CC312}.Release|Any CPU.ActiveCfg = Release|Any CPU
		{4DAD354D-D258-4353-8DEA-7F0A240CC312}.Release|Any CPU.Build.0 = Release|Any CPU
		{9F7D4A89-8139-43E5-A93C-FF1233146A03}.Debug|Any CPU.ActiveCfg = Debug|Any CPU
		{9F7D4A89-8139-43E5-A93C-FF1233146A03}.Debug|Any CPU.Build.0 = Debug|Any CPU
		{9F7D4A89-8139-43E5-A93C-FF1233146A03}.Release|Any CPU.ActiveCfg = Release|Any CPU
		{9F7D4A89-8139-43E5-A93C-FF1233146A03}.Release|Any CPU.Build.0 = Release|Any CPU
	EndGlobalSection
	GlobalSection(SolutionProperties) = preSolution
		HideSolutionNode = FALSE
	EndGlobalSection
	GlobalSection(NestedProjects) = preSolution
		{561D63CB-4F3B-40F0-8BF2-3ECE05A2816A} = {E8100F41-9E8F-4A03-91BF-9486C6218CE0}
		{3317D1E9-4A8E-48CD-A548-18301E1DA6ED} = {E8100F41-9E8F-4A03-91BF-9486C6218CE0}
		{CDBB2239-5874-47E0-B0DE-F36C9ABB58E0} = {1F9B28B3-F6B7-4EB0-BD7A-604C67FBFA30}
		{24A50CBB-8EAB-4F47-8A19-FF1983E4A387} = {1F9B28B3-F6B7-4EB0-BD7A-604C67FBFA30}
		{806891D8-1565-4D02-9593-22ECECE32584} = {385E817E-9E0B-4C56-9C23-3D517497CFDC}
		{4DAD354D-D258-4353-8DEA-7F0A240CC312} = {385E817E-9E0B-4C56-9C23-3D517497CFDC}
		{9F7D4A89-8139-43E5-A93C-FF1233146A03} = {E8100F41-9E8F-4A03-91BF-9486C6218CE0}
	EndGlobalSection
EndGlobal
