
Microsoft Visual Studio Solution File, Format Version 12.00
# Visual Studio 2013
VisualStudioVersion = 12.0.31101.0
MinimumVisualStudioVersion = 10.0.40219.1
Project("{FAE04EC0-301F-11D3-BF4B-00C04F79EFBC}") = "SaleAssistant", "SaleAssistant\SaleAssistant.csproj", "{8EB90A6B-796C-4211-A42E-A36A75CA3D7B}"
EndProject
Project("{2150E333-8FDC-42A3-9474-1A3956D46DE8}") = "DataAccess", "DataAccess", "{E8100F41-9E8F-4A03-91BF-9486C6218CE0}"
EndProject
Project("{2150E333-8FDC-42A3-9474-1A3956D46DE8}") = "Business", "Business", "{1F9B28B3-F6B7-4EB0-BD7A-604C67FBFA30}"
EndProject
Project("{FAE04EC0-301F-11D3-BF4B-00C04F79EFBC}") = "SaleAssistant.Business", "Business\SaleAssistant.Business\SaleAssistant.Business.csproj", "{CDBB2239-5874-47E0-B0DE-F36C9ABB58E0}"
EndProject
Project("{FAE04EC0-301F-11D3-BF4B-00C04F79EFBC}") = "SaleAssistant.Business.Models", "Business\SaleAssistant.Business.Models\SaleAssistant.Business.Models.csproj", "{24A50CBB-8EAB-4F47-8A19-FF1983E4A387}"
EndProject
Project("{2150E333-8FDC-42A3-9474-1A3956D46DE8}") = "Data", "Data", "{BFE97661-D289-46F6-A79A-F93C1CD42095}"
EndProject
Project("{FAE04EC0-301F-11D3-BF4B-00C04F79EFBC}") = "SaleAssistant.Data", "Data\SaleAssistant.Data\SaleAssistant.Data.csproj", "{EDB574D2-F1DF-4891-8443-2AE18CFCD9F9}"
EndProject
Project("{FAE04EC0-301F-11D3-BF4B-00C04F79EFBC}") = "SaleAssistant.Data.Entities", "Data\SaleAssistant.Data.Entities\SaleAssistant.Data.Entities.csproj", "{243788C7-491B-4556-8697-3FFB0FE1E454}"
EndProject
Project("{FAE04EC0-301F-11D3-BF4B-00C04F79EFBC}") = "SaleAssistant.Data.Mapping", "Data\SaleAssistant.Data.Mapping\SaleAssistant.Data.Mapping.csproj", "{00CE8683-5541-476A-8059-0B1D31A84B89}"
EndProject
Project("{FAE04EC0-301F-11D3-BF4B-00C04F79EFBC}") = "SaleAssistant.DataAccess", "DataAccess\SaleAssistant.DataAccess\SaleAssistant.DataAccess.csproj", "{393224EC-EADA-4895-BFE0-E176906AE14E}"
EndProject
Project("{FAE04EC0-301F-11D3-BF4B-00C04F79EFBC}") = "SaleAssistant.AutoMapper", "Business\SaleAssistant.AutoMapper\SaleAssistant.AutoMapper.csproj", "{60320E6F-6436-4787-91CF-380ADF0547AA}"
EndProject
Project("{2150E333-8FDC-42A3-9474-1A3956D46DE8}") = "Presentation", "Presentation", "{7ABE79B9-EEF4-49D4-BD22-C49C54C8DAAB}"
EndProject
Project("{FAE04EC0-301F-11D3-BF4B-00C04F79EFBC}") = "SaleAssistant.WebApi", "Presentation\SaleAssistant.WebApi\SaleAssistant.WebApi.csproj", "{7F6D8555-697B-4707-9B06-A1DA35C8FD9B}"
EndProject
Project("{2150E333-8FDC-42A3-9474-1A3956D46DE8}") = "Core", "Core", "{450AB3BD-DF02-43D4-BBBC-97D6059CB219}"
EndProject
Project("{FAE04EC0-301F-11D3-BF4B-00C04F79EFBC}") = "Core.OAuth.Identity", "Core\Core.OAuth.Identity\Core.OAuth.Identity.csproj", "{F62CC41A-0FAC-449C-8C3F-5421A78E2DE6}"
EndProject
Project("{FAE04EC0-301F-11D3-BF4B-00C04F79EFBC}") = "Core.Common", "Core\Core.Common\Core.Common.csproj", "{E6E06586-86CF-41FE-BA85-FD89F661C513}"
EndProject
Global
	GlobalSection(SolutionConfigurationPlatforms) = preSolution
		Debug|Any CPU = Debug|Any CPU
		Release|Any CPU = Release|Any CPU
	EndGlobalSection
	GlobalSection(ProjectConfigurationPlatforms) = postSolution
		{8EB90A6B-796C-4211-A42E-A36A75CA3D7B}.Debug|Any CPU.ActiveCfg = Debug|Any CPU
		{8EB90A6B-796C-4211-A42E-A36A75CA3D7B}.Debug|Any CPU.Build.0 = Debug|Any CPU
		{8EB90A6B-796C-4211-A42E-A36A75CA3D7B}.Release|Any CPU.ActiveCfg = Release|Any CPU
		{8EB90A6B-796C-4211-A42E-A36A75CA3D7B}.Release|Any CPU.Build.0 = Release|Any CPU
		{CDBB2239-5874-47E0-B0DE-F36C9ABB58E0}.Debug|Any CPU.ActiveCfg = Debug|Any CPU
		{CDBB2239-5874-47E0-B0DE-F36C9ABB58E0}.Debug|Any CPU.Build.0 = Debug|Any CPU
		{CDBB2239-5874-47E0-B0DE-F36C9ABB58E0}.Release|Any CPU.ActiveCfg = Release|Any CPU
		{CDBB2239-5874-47E0-B0DE-F36C9ABB58E0}.Release|Any CPU.Build.0 = Release|Any CPU
		{24A50CBB-8EAB-4F47-8A19-FF1983E4A387}.Debug|Any CPU.ActiveCfg = Debug|Any CPU
		{24A50CBB-8EAB-4F47-8A19-FF1983E4A387}.Debug|Any CPU.Build.0 = Debug|Any CPU
		{24A50CBB-8EAB-4F47-8A19-FF1983E4A387}.Release|Any CPU.ActiveCfg = Release|Any CPU
		{24A50CBB-8EAB-4F47-8A19-FF1983E4A387}.Release|Any CPU.Build.0 = Release|Any CPU
		{EDB574D2-F1DF-4891-8443-2AE18CFCD9F9}.Debug|Any CPU.ActiveCfg = Debug|Any CPU
		{EDB574D2-F1DF-4891-8443-2AE18CFCD9F9}.Debug|Any CPU.Build.0 = Debug|Any CPU
		{EDB574D2-F1DF-4891-8443-2AE18CFCD9F9}.Release|Any CPU.ActiveCfg = Release|Any CPU
		{EDB574D2-F1DF-4891-8443-2AE18CFCD9F9}.Release|Any CPU.Build.0 = Release|Any CPU
		{243788C7-491B-4556-8697-3FFB0FE1E454}.Debug|Any CPU.ActiveCfg = Debug|Any CPU
		{243788C7-491B-4556-8697-3FFB0FE1E454}.Debug|Any CPU.Build.0 = Debug|Any CPU
		{243788C7-491B-4556-8697-3FFB0FE1E454}.Release|Any CPU.ActiveCfg = Release|Any CPU
		{243788C7-491B-4556-8697-3FFB0FE1E454}.Release|Any CPU.Build.0 = Release|Any CPU
		{00CE8683-5541-476A-8059-0B1D31A84B89}.Debug|Any CPU.ActiveCfg = Debug|Any CPU
		{00CE8683-5541-476A-8059-0B1D31A84B89}.Debug|Any CPU.Build.0 = Debug|Any CPU
		{00CE8683-5541-476A-8059-0B1D31A84B89}.Release|Any CPU.ActiveCfg = Release|Any CPU
		{00CE8683-5541-476A-8059-0B1D31A84B89}.Release|Any CPU.Build.0 = Release|Any CPU
		{393224EC-EADA-4895-BFE0-E176906AE14E}.Debug|Any CPU.ActiveCfg = Debug|Any CPU
		{393224EC-EADA-4895-BFE0-E176906AE14E}.Debug|Any CPU.Build.0 = Debug|Any CPU
		{393224EC-EADA-4895-BFE0-E176906AE14E}.Release|Any CPU.ActiveCfg = Release|Any CPU
		{393224EC-EADA-4895-BFE0-E176906AE14E}.Release|Any CPU.Build.0 = Release|Any CPU
		{60320E6F-6436-4787-91CF-380ADF0547AA}.Debug|Any CPU.ActiveCfg = Debug|Any CPU
		{60320E6F-6436-4787-91CF-380ADF0547AA}.Debug|Any CPU.Build.0 = Debug|Any CPU
		{60320E6F-6436-4787-91CF-380ADF0547AA}.Release|Any CPU.ActiveCfg = Release|Any CPU
		{60320E6F-6436-4787-91CF-380ADF0547AA}.Release|Any CPU.Build.0 = Release|Any CPU
		{7F6D8555-697B-4707-9B06-A1DA35C8FD9B}.Debug|Any CPU.ActiveCfg = Debug|Any CPU
		{7F6D8555-697B-4707-9B06-A1DA35C8FD9B}.Debug|Any CPU.Build.0 = Debug|Any CPU
		{7F6D8555-697B-4707-9B06-A1DA35C8FD9B}.Release|Any CPU.ActiveCfg = Release|Any CPU
		{7F6D8555-697B-4707-9B06-A1DA35C8FD9B}.Release|Any CPU.Build.0 = Release|Any CPU
		{F62CC41A-0FAC-449C-8C3F-5421A78E2DE6}.Debug|Any CPU.ActiveCfg = Debug|Any CPU
		{F62CC41A-0FAC-449C-8C3F-5421A78E2DE6}.Debug|Any CPU.Build.0 = Debug|Any CPU
		{F62CC41A-0FAC-449C-8C3F-5421A78E2DE6}.Release|Any CPU.ActiveCfg = Release|Any CPU
		{F62CC41A-0FAC-449C-8C3F-5421A78E2DE6}.Release|Any CPU.Build.0 = Release|Any CPU
		{E6E06586-86CF-41FE-BA85-FD89F661C513}.Debug|Any CPU.ActiveCfg = Debug|Any CPU
		{E6E06586-86CF-41FE-BA85-FD89F661C513}.Debug|Any CPU.Build.0 = Debug|Any CPU
		{E6E06586-86CF-41FE-BA85-FD89F661C513}.Release|Any CPU.ActiveCfg = Release|Any CPU
		{E6E06586-86CF-41FE-BA85-FD89F661C513}.Release|Any CPU.Build.0 = Release|Any CPU
	EndGlobalSection
	GlobalSection(SolutionProperties) = preSolution
		HideSolutionNode = FALSE
	EndGlobalSection
	GlobalSection(NestedProjects) = preSolution
		{CDBB2239-5874-47E0-B0DE-F36C9ABB58E0} = {1F9B28B3-F6B7-4EB0-BD7A-604C67FBFA30}
		{24A50CBB-8EAB-4F47-8A19-FF1983E4A387} = {1F9B28B3-F6B7-4EB0-BD7A-604C67FBFA30}
		{EDB574D2-F1DF-4891-8443-2AE18CFCD9F9} = {BFE97661-D289-46F6-A79A-F93C1CD42095}
		{243788C7-491B-4556-8697-3FFB0FE1E454} = {BFE97661-D289-46F6-A79A-F93C1CD42095}
		{00CE8683-5541-476A-8059-0B1D31A84B89} = {BFE97661-D289-46F6-A79A-F93C1CD42095}
		{393224EC-EADA-4895-BFE0-E176906AE14E} = {E8100F41-9E8F-4A03-91BF-9486C6218CE0}
		{60320E6F-6436-4787-91CF-380ADF0547AA} = {1F9B28B3-F6B7-4EB0-BD7A-604C67FBFA30}
		{7F6D8555-697B-4707-9B06-A1DA35C8FD9B} = {7ABE79B9-EEF4-49D4-BD22-C49C54C8DAAB}
		{F62CC41A-0FAC-449C-8C3F-5421A78E2DE6} = {450AB3BD-DF02-43D4-BBBC-97D6059CB219}
		{E6E06586-86CF-41FE-BA85-FD89F661C513} = {450AB3BD-DF02-43D4-BBBC-97D6059CB219}
	EndGlobalSection
EndGlobal
